
Microsoft Visual Studio Solution File, Format Version 12.00
# Visual Studio Version 17
VisualStudioVersion = 17.4.33103.184
MinimumVisualStudioVersion = 10.0.40219.1
Project("{9A19103F-16F7-4668-BE54-9A1E7A4F7556}") = "Microservice.Portfolio", "src\Microservice.Portfolio\Microservice.Portfolio.csproj", "{CFDDC88C-0F8E-4F58-8DC4-93140344E72F}"
EndProject
Project("{FAE04EC0-301F-11D3-BF4B-00C04F79EFBC}") = "Portifolio.FunctionApp", "src\Portifolio.FunctionApp\Portifolio.FunctionApp.csproj", "{E23278B4-7B01-4217-9430-3FBBA92DC347}"
EndProject
Global
	GlobalSection(SolutionConfigurationPlatforms) = preSolution
		Debug|Any CPU = Debug|Any CPU
		Release|Any CPU = Release|Any CPU
	EndGlobalSection
	GlobalSection(ProjectConfigurationPlatforms) = postSolution
		{CFDDC88C-0F8E-4F58-8DC4-93140344E72F}.Debug|Any CPU.ActiveCfg = Debug|Any CPU
		{CFDDC88C-0F8E-4F58-8DC4-93140344E72F}.Debug|Any CPU.Build.0 = Debug|Any CPU
		{CFDDC88C-0F8E-4F58-8DC4-93140344E72F}.Release|Any CPU.ActiveCfg = Release|Any CPU
		{CFDDC88C-0F8E-4F58-8DC4-93140344E72F}.Release|Any CPU.Build.0 = Release|Any CPU
		{E23278B4-7B01-4217-9430-3FBBA92DC347}.Debug|Any CPU.ActiveCfg = Debug|Any CPU
		{E23278B4-7B01-4217-9430-3FBBA92DC347}.Debug|Any CPU.Build.0 = Debug|Any CPU
		{E23278B4-7B01-4217-9430-3FBBA92DC347}.Release|Any CPU.ActiveCfg = Release|Any CPU
		{E23278B4-7B01-4217-9430-3FBBA92DC347}.Release|Any CPU.Build.0 = Release|Any CPU
	EndGlobalSection
	GlobalSection(SolutionProperties) = preSolution
		HideSolutionNode = FALSE
	EndGlobalSection
	GlobalSection(ExtensibilityGlobals) = postSolution
		SolutionGuid = {10997A76-2149-439C-9023-ACD8759B2393}
	EndGlobalSection
EndGlobal
